// !$*UTF8*$!
{
	archiveVersion = 1;
	classes = {
	};
	objectVersion = 52;
	objects = {

/* Begin PBXBuildFile section */
		156F9CB037A74195C16E655E /* Pods_Algorhythm.framework in Frameworks */ = {isa = PBXBuildFile; fileRef = 50590E9116BDD0C54805D8D1 /* Pods_Algorhythm.framework */; };
		4A2D95C92D82FC62F9ED1E4B /* Pods_AlgorhythmTests.framework in Frameworks */ = {isa = PBXBuildFile; fileRef = 94B00175ABBD020106EF8A0D /* Pods_AlgorhythmTests.framework */; };
		6F0BD22E25F185D70041D3A6 /* PageViewController.swift in Sources */ = {isa = PBXBuildFile; fileRef = 6F0BD22D25F185D70041D3A6 /* PageViewController.swift */; };
		6F0BD23325F186DB0041D3A6 /* PageView.swift in Sources */ = {isa = PBXBuildFile; fileRef = 6F0BD23225F186DB0041D3A6 /* PageView.swift */; };
		6F0C2B91260A87EC00FB8258 /* ChatView.swift in Sources */ = {isa = PBXBuildFile; fileRef = 6F0C2B90260A87EC00FB8258 /* ChatView.swift */; };
		6F0C2BB0260BA7D000FB8258 /* AssistantV1 in Frameworks */ = {isa = PBXBuildFile; productRef = 6F0C2BAF260BA7D000FB8258 /* AssistantV1 */; };
		6F0C2BB2260BA7D000FB8258 /* AssistantV2 in Frameworks */ = {isa = PBXBuildFile; productRef = 6F0C2BB1260BA7D000FB8258 /* AssistantV2 */; };
		6F52739625D336A6002A06FD /* SongSelectionView.swift in Sources */ = {isa = PBXBuildFile; fileRef = 6F52739525D336A6002A06FD /* SongSelectionView.swift */; };
		6F52739B25D338CA002A06FD /* SongRow.swift in Sources */ = {isa = PBXBuildFile; fileRef = 6F52739A25D338CA002A06FD /* SongRow.swift */; };
		6F5273A025D33F82002A06FD /* NewSongView.swift in Sources */ = {isa = PBXBuildFile; fileRef = 6F52739F25D33F82002A06FD /* NewSongView.swift */; };
		6F5273A525D34319002A06FD /* SongView.swift in Sources */ = {isa = PBXBuildFile; fileRef = 6F5273A425D34319002A06FD /* SongView.swift */; };
		6F5273AA25D5D4A6002A06FD /* ImagePicker.swift in Sources */ = {isa = PBXBuildFile; fileRef = 6F5273A925D5D4A6002A06FD /* ImagePicker.swift */; };
		6F5273B225D63772002A06FD /* FileManager.swift in Sources */ = {isa = PBXBuildFile; fileRef = 6F5273B125D63772002A06FD /* FileManager.swift */; };
		6F5273BA25E84DF7002A06FD /* NewImagePicker.swift in Sources */ = {isa = PBXBuildFile; fileRef = 6F5273B925E84DF7002A06FD /* NewImagePicker.swift */; };
		6FD2463A25C9F99900E87D35 /* AlgorhythmApp.swift in Sources */ = {isa = PBXBuildFile; fileRef = 6FD2463925C9F99900E87D35 /* AlgorhythmApp.swift */; };
		6FD2463E25C9F99A00E87D35 /* Assets.xcassets in Resources */ = {isa = PBXBuildFile; fileRef = 6FD2463D25C9F99A00E87D35 /* Assets.xcassets */; };
		6FD2464125C9F99A00E87D35 /* Preview Assets.xcassets in Resources */ = {isa = PBXBuildFile; fileRef = 6FD2464025C9F99A00E87D35 /* Preview Assets.xcassets */; };
		6FD2464C25C9F99A00E87D35 /* AlgorhythmTests.swift in Sources */ = {isa = PBXBuildFile; fileRef = 6FD2464B25C9F99A00E87D35 /* AlgorhythmTests.swift */; };
		6FD2465725C9F99A00E87D35 /* AlgorhythmUITests.swift in Sources */ = {isa = PBXBuildFile; fileRef = 6FD2465625C9F99A00E87D35 /* AlgorhythmUITests.swift */; };
		6FE9296E26014A47004DFB85 /* AudioRecorder.swift in Sources */ = {isa = PBXBuildFile; fileRef = 6FE9296D26014A47004DFB85 /* AudioRecorder.swift */; };
		D8214209E2D3707D71F46BE2 /* Pods_Algorhythm_AlgorhythmUITests.framework in Frameworks */ = {isa = PBXBuildFile; fileRef = 6AD570495EA0945A4BD02D16 /* Pods_Algorhythm_AlgorhythmUITests.framework */; };
/* End PBXBuildFile section */

/* Begin PBXContainerItemProxy section */
		6FD2464825C9F99A00E87D35 /* PBXContainerItemProxy */ = {
			isa = PBXContainerItemProxy;
			containerPortal = 6FD2462E25C9F99800E87D35 /* Project object */;
			proxyType = 1;
			remoteGlobalIDString = 6FD2463525C9F99800E87D35;
			remoteInfo = Algorhythm;
		};
		6FD2465325C9F99A00E87D35 /* PBXContainerItemProxy */ = {
			isa = PBXContainerItemProxy;
			containerPortal = 6FD2462E25C9F99800E87D35 /* Project object */;
			proxyType = 1;
			remoteGlobalIDString = 6FD2463525C9F99800E87D35;
			remoteInfo = Algorhythm;
		};
/* End PBXContainerItemProxy section */

/* Begin PBXFileReference section */
		06A3A1689399343C18E43AAC /* Pods-Algorhythm.release.xcconfig */ = {isa = PBXFileReference; includeInIndex = 1; lastKnownFileType = text.xcconfig; name = "Pods-Algorhythm.release.xcconfig"; path = "Target Support Files/Pods-Algorhythm/Pods-Algorhythm.release.xcconfig"; sourceTree = "<group>"; };
		4FC0CCC8E6BF1C39D2CAA5F9 /* Pods-AlgorhythmTests.release.xcconfig */ = {isa = PBXFileReference; includeInIndex = 1; lastKnownFileType = text.xcconfig; name = "Pods-AlgorhythmTests.release.xcconfig"; path = "Target Support Files/Pods-AlgorhythmTests/Pods-AlgorhythmTests.release.xcconfig"; sourceTree = "<group>"; };
		50590E9116BDD0C54805D8D1 /* Pods_Algorhythm.framework */ = {isa = PBXFileReference; explicitFileType = wrapper.framework; includeInIndex = 0; path = Pods_Algorhythm.framework; sourceTree = BUILT_PRODUCTS_DIR; };
		6AD570495EA0945A4BD02D16 /* Pods_Algorhythm_AlgorhythmUITests.framework */ = {isa = PBXFileReference; explicitFileType = wrapper.framework; includeInIndex = 0; path = Pods_Algorhythm_AlgorhythmUITests.framework; sourceTree = BUILT_PRODUCTS_DIR; };
		6F0BD22D25F185D70041D3A6 /* PageViewController.swift */ = {isa = PBXFileReference; lastKnownFileType = sourcecode.swift; path = PageViewController.swift; sourceTree = "<group>"; };
		6F0BD23225F186DB0041D3A6 /* PageView.swift */ = {isa = PBXFileReference; lastKnownFileType = sourcecode.swift; path = PageView.swift; sourceTree = "<group>"; };
		6F0C2B90260A87EC00FB8258 /* ChatView.swift */ = {isa = PBXFileReference; lastKnownFileType = sourcecode.swift; path = ChatView.swift; sourceTree = "<group>"; };
		6F52739525D336A6002A06FD /* SongSelectionView.swift */ = {isa = PBXFileReference; lastKnownFileType = sourcecode.swift; path = SongSelectionView.swift; sourceTree = "<group>"; };
		6F52739A25D338CA002A06FD /* SongRow.swift */ = {isa = PBXFileReference; lastKnownFileType = sourcecode.swift; path = SongRow.swift; sourceTree = "<group>"; };
		6F52739F25D33F82002A06FD /* NewSongView.swift */ = {isa = PBXFileReference; lastKnownFileType = sourcecode.swift; path = NewSongView.swift; sourceTree = "<group>"; };
		6F5273A425D34319002A06FD /* SongView.swift */ = {isa = PBXFileReference; lastKnownFileType = sourcecode.swift; path = SongView.swift; sourceTree = "<group>"; };
		6F5273A925D5D4A6002A06FD /* ImagePicker.swift */ = {isa = PBXFileReference; lastKnownFileType = sourcecode.swift; path = ImagePicker.swift; sourceTree = "<group>"; };
		6F5273B125D63772002A06FD /* FileManager.swift */ = {isa = PBXFileReference; lastKnownFileType = sourcecode.swift; path = FileManager.swift; sourceTree = "<group>"; };
		6F5273B925E84DF7002A06FD /* NewImagePicker.swift */ = {isa = PBXFileReference; lastKnownFileType = sourcecode.swift; path = NewImagePicker.swift; sourceTree = "<group>"; };
		6FD2463625C9F99900E87D35 /* Algorhythm.app */ = {isa = PBXFileReference; explicitFileType = wrapper.application; includeInIndex = 0; path = Algorhythm.app; sourceTree = BUILT_PRODUCTS_DIR; };
		6FD2463925C9F99900E87D35 /* AlgorhythmApp.swift */ = {isa = PBXFileReference; lastKnownFileType = sourcecode.swift; path = AlgorhythmApp.swift; sourceTree = "<group>"; };
		6FD2463D25C9F99A00E87D35 /* Assets.xcassets */ = {isa = PBXFileReference; lastKnownFileType = folder.assetcatalog; path = Assets.xcassets; sourceTree = "<group>"; };
		6FD2464025C9F99A00E87D35 /* Preview Assets.xcassets */ = {isa = PBXFileReference; lastKnownFileType = folder.assetcatalog; path = "Preview Assets.xcassets"; sourceTree = "<group>"; };
		6FD2464225C9F99A00E87D35 /* Info.plist */ = {isa = PBXFileReference; lastKnownFileType = text.plist.xml; path = Info.plist; sourceTree = "<group>"; };
		6FD2464725C9F99A00E87D35 /* AlgorhythmTests.xctest */ = {isa = PBXFileReference; explicitFileType = wrapper.cfbundle; includeInIndex = 0; path = AlgorhythmTests.xctest; sourceTree = BUILT_PRODUCTS_DIR; };
		6FD2464B25C9F99A00E87D35 /* AlgorhythmTests.swift */ = {isa = PBXFileReference; lastKnownFileType = sourcecode.swift; path = AlgorhythmTests.swift; sourceTree = "<group>"; };
		6FD2464D25C9F99A00E87D35 /* Info.plist */ = {isa = PBXFileReference; lastKnownFileType = text.plist.xml; path = Info.plist; sourceTree = "<group>"; };
		6FD2465225C9F99A00E87D35 /* AlgorhythmUITests.xctest */ = {isa = PBXFileReference; explicitFileType = wrapper.cfbundle; includeInIndex = 0; path = AlgorhythmUITests.xctest; sourceTree = BUILT_PRODUCTS_DIR; };
		6FD2465625C9F99A00E87D35 /* AlgorhythmUITests.swift */ = {isa = PBXFileReference; lastKnownFileType = sourcecode.swift; path = AlgorhythmUITests.swift; sourceTree = "<group>"; };
		6FD2465825C9F99A00E87D35 /* Info.plist */ = {isa = PBXFileReference; lastKnownFileType = text.plist.xml; path = Info.plist; sourceTree = "<group>"; };
		6FE9296D26014A47004DFB85 /* AudioRecorder.swift */ = {isa = PBXFileReference; lastKnownFileType = sourcecode.swift; path = AudioRecorder.swift; sourceTree = "<group>"; };
		94B00175ABBD020106EF8A0D /* Pods_AlgorhythmTests.framework */ = {isa = PBXFileReference; explicitFileType = wrapper.framework; includeInIndex = 0; path = Pods_AlgorhythmTests.framework; sourceTree = BUILT_PRODUCTS_DIR; };
		ADDA9FF8540BCBF5F7967AAF /* Pods-Algorhythm.debug.xcconfig */ = {isa = PBXFileReference; includeInIndex = 1; lastKnownFileType = text.xcconfig; name = "Pods-Algorhythm.debug.xcconfig"; path = "Target Support Files/Pods-Algorhythm/Pods-Algorhythm.debug.xcconfig"; sourceTree = "<group>"; };
		C46F5C3DCCA1DDD040CE5514 /* Pods-Algorhythm-AlgorhythmUITests.release.xcconfig */ = {isa = PBXFileReference; includeInIndex = 1; lastKnownFileType = text.xcconfig; name = "Pods-Algorhythm-AlgorhythmUITests.release.xcconfig"; path = "Target Support Files/Pods-Algorhythm-AlgorhythmUITests/Pods-Algorhythm-AlgorhythmUITests.release.xcconfig"; sourceTree = "<group>"; };
		D7918F8566E6DE7ECD1D0E65 /* Pods-AlgorhythmTests.debug.xcconfig */ = {isa = PBXFileReference; includeInIndex = 1; lastKnownFileType = text.xcconfig; name = "Pods-AlgorhythmTests.debug.xcconfig"; path = "Target Support Files/Pods-AlgorhythmTests/Pods-AlgorhythmTests.debug.xcconfig"; sourceTree = "<group>"; };
		F778421193403D5BF534028D /* Pods-Algorhythm-AlgorhythmUITests.debug.xcconfig */ = {isa = PBXFileReference; includeInIndex = 1; lastKnownFileType = text.xcconfig; name = "Pods-Algorhythm-AlgorhythmUITests.debug.xcconfig"; path = "Target Support Files/Pods-Algorhythm-AlgorhythmUITests/Pods-Algorhythm-AlgorhythmUITests.debug.xcconfig"; sourceTree = "<group>"; };
/* End PBXFileReference section */

/* Begin PBXFrameworksBuildPhase section */
		6FD2463325C9F99800E87D35 /* Frameworks */ = {
			isa = PBXFrameworksBuildPhase;
			buildActionMask = 2147483647;
			files = (
				6F0C2BB0260BA7D000FB8258 /* AssistantV1 in Frameworks */,
				156F9CB037A74195C16E655E /* Pods_Algorhythm.framework in Frameworks */,
				6F0C2BB2260BA7D000FB8258 /* AssistantV2 in Frameworks */,
			);
			runOnlyForDeploymentPostprocessing = 0;
		};
		6FD2464425C9F99A00E87D35 /* Frameworks */ = {
			isa = PBXFrameworksBuildPhase;
			buildActionMask = 2147483647;
			files = (
				4A2D95C92D82FC62F9ED1E4B /* Pods_AlgorhythmTests.framework in Frameworks */,
			);
			runOnlyForDeploymentPostprocessing = 0;
		};
		6FD2464F25C9F99A00E87D35 /* Frameworks */ = {
			isa = PBXFrameworksBuildPhase;
			buildActionMask = 2147483647;
			files = (
				D8214209E2D3707D71F46BE2 /* Pods_Algorhythm_AlgorhythmUITests.framework in Frameworks */,
			);
			runOnlyForDeploymentPostprocessing = 0;
		};
/* End PBXFrameworksBuildPhase section */

/* Begin PBXGroup section */
		66BABFF2345FC56CA648BCBF /* Frameworks */ = {
			isa = PBXGroup;
			children = (
				50590E9116BDD0C54805D8D1 /* Pods_Algorhythm.framework */,
				6AD570495EA0945A4BD02D16 /* Pods_Algorhythm_AlgorhythmUITests.framework */,
				94B00175ABBD020106EF8A0D /* Pods_AlgorhythmTests.framework */,
			);
			name = Frameworks;
			sourceTree = "<group>";
		};
		6FD2462D25C9F99800E87D35 = {
			isa = PBXGroup;
			children = (
				6FD2463825C9F99900E87D35 /* Algorhythm */,
				6FD2464A25C9F99A00E87D35 /* AlgorhythmTests */,
				6FD2465525C9F99A00E87D35 /* AlgorhythmUITests */,
				6FD2463725C9F99900E87D35 /* Products */,
				BDC74978A2F3185E7B9FEE7A /* Pods */,
				66BABFF2345FC56CA648BCBF /* Frameworks */,
			);
			sourceTree = "<group>";
		};
		6FD2463725C9F99900E87D35 /* Products */ = {
			isa = PBXGroup;
			children = (
				6FD2463625C9F99900E87D35 /* Algorhythm.app */,
				6FD2464725C9F99A00E87D35 /* AlgorhythmTests.xctest */,
				6FD2465225C9F99A00E87D35 /* AlgorhythmUITests.xctest */,
			);
			name = Products;
			sourceTree = "<group>";
		};
		6FD2463825C9F99900E87D35 /* Algorhythm */ = {
			isa = PBXGroup;
			children = (
				6FD2463925C9F99900E87D35 /* AlgorhythmApp.swift */,
				6FD2463D25C9F99A00E87D35 /* Assets.xcassets */,
				6FD2464225C9F99A00E87D35 /* Info.plist */,
				6FD2463F25C9F99A00E87D35 /* Preview Content */,
				6F52739525D336A6002A06FD /* SongSelectionView.swift */,
				6F5273A425D34319002A06FD /* SongView.swift */,
				6F52739A25D338CA002A06FD /* SongRow.swift */,
				6F52739F25D33F82002A06FD /* NewSongView.swift */,
				6FE9296D26014A47004DFB85 /* AudioRecorder.swift */,
				6F5273B125D63772002A06FD /* FileManager.swift */,
				6F5273A925D5D4A6002A06FD /* ImagePicker.swift */,
				6F5273B925E84DF7002A06FD /* NewImagePicker.swift */,
				6F0BD22D25F185D70041D3A6 /* PageViewController.swift */,
				6F0BD23225F186DB0041D3A6 /* PageView.swift */,
				6F0C2B90260A87EC00FB8258 /* ChatView.swift */,
			);
			path = Algorhythm;
			sourceTree = "<group>";
		};
		6FD2463F25C9F99A00E87D35 /* Preview Content */ = {
			isa = PBXGroup;
			children = (
				6FD2464025C9F99A00E87D35 /* Preview Assets.xcassets */,
			);
			path = "Preview Content";
			sourceTree = "<group>";
		};
		6FD2464A25C9F99A00E87D35 /* AlgorhythmTests */ = {
			isa = PBXGroup;
			children = (
				6FD2464B25C9F99A00E87D35 /* AlgorhythmTests.swift */,
				6FD2464D25C9F99A00E87D35 /* Info.plist */,
			);
			path = AlgorhythmTests;
			sourceTree = "<group>";
		};
		6FD2465525C9F99A00E87D35 /* AlgorhythmUITests */ = {
			isa = PBXGroup;
			children = (
				6FD2465625C9F99A00E87D35 /* AlgorhythmUITests.swift */,
				6FD2465825C9F99A00E87D35 /* Info.plist */,
			);
			path = AlgorhythmUITests;
			sourceTree = "<group>";
		};
		BDC74978A2F3185E7B9FEE7A /* Pods */ = {
			isa = PBXGroup;
			children = (
				ADDA9FF8540BCBF5F7967AAF /* Pods-Algorhythm.debug.xcconfig */,
				06A3A1689399343C18E43AAC /* Pods-Algorhythm.release.xcconfig */,
				F778421193403D5BF534028D /* Pods-Algorhythm-AlgorhythmUITests.debug.xcconfig */,
				C46F5C3DCCA1DDD040CE5514 /* Pods-Algorhythm-AlgorhythmUITests.release.xcconfig */,
				D7918F8566E6DE7ECD1D0E65 /* Pods-AlgorhythmTests.debug.xcconfig */,
				4FC0CCC8E6BF1C39D2CAA5F9 /* Pods-AlgorhythmTests.release.xcconfig */,
			);
			path = Pods;
			sourceTree = "<group>";
		};
/* End PBXGroup section */

/* Begin PBXNativeTarget section */
		6FD2463525C9F99800E87D35 /* Algorhythm */ = {
			isa = PBXNativeTarget;
			buildConfigurationList = 6FD2465B25C9F99A00E87D35 /* Build configuration list for PBXNativeTarget "Algorhythm" */;
			buildPhases = (
				655B8C60DB4EB622F06A0D8B /* [CP] Check Pods Manifest.lock */,
				6FD2463225C9F99800E87D35 /* Sources */,
				6FD2463325C9F99800E87D35 /* Frameworks */,
				6FD2463425C9F99800E87D35 /* Resources */,
				A07407EE949626F7EFDE84CF /* [CP] Embed Pods Frameworks */,
			);
			buildRules = (
			);
			dependencies = (
			);
			name = Algorhythm;
			packageProductDependencies = (
				6F0C2BAF260BA7D000FB8258 /* AssistantV1 */,
				6F0C2BB1260BA7D000FB8258 /* AssistantV2 */,
			);
			productName = Algorhythm;
			productReference = 6FD2463625C9F99900E87D35 /* Algorhythm.app */;
			productType = "com.apple.product-type.application";
		};
		6FD2464625C9F99A00E87D35 /* AlgorhythmTests */ = {
			isa = PBXNativeTarget;
			buildConfigurationList = 6FD2465E25C9F99A00E87D35 /* Build configuration list for PBXNativeTarget "AlgorhythmTests" */;
			buildPhases = (
				C87653436D64CD006EBB7078 /* [CP] Check Pods Manifest.lock */,
				6FD2464325C9F99A00E87D35 /* Sources */,
				6FD2464425C9F99A00E87D35 /* Frameworks */,
				6FD2464525C9F99A00E87D35 /* Resources */,
			);
			buildRules = (
			);
			dependencies = (
				6FD2464925C9F99A00E87D35 /* PBXTargetDependency */,
			);
			name = AlgorhythmTests;
			productName = AlgorhythmTests;
			productReference = 6FD2464725C9F99A00E87D35 /* AlgorhythmTests.xctest */;
			productType = "com.apple.product-type.bundle.unit-test";
		};
		6FD2465125C9F99A00E87D35 /* AlgorhythmUITests */ = {
			isa = PBXNativeTarget;
			buildConfigurationList = 6FD2466125C9F99A00E87D35 /* Build configuration list for PBXNativeTarget "AlgorhythmUITests" */;
			buildPhases = (
				A2057AFBA9CBFD521E2D75A3 /* [CP] Check Pods Manifest.lock */,
				6FD2464E25C9F99A00E87D35 /* Sources */,
				6FD2464F25C9F99A00E87D35 /* Frameworks */,
				6FD2465025C9F99A00E87D35 /* Resources */,
				3A81D7B6E8EA0788F24CBE3B /* [CP] Embed Pods Frameworks */,
			);
			buildRules = (
			);
			dependencies = (
				6FD2465425C9F99A00E87D35 /* PBXTargetDependency */,
			);
			name = AlgorhythmUITests;
			productName = AlgorhythmUITests;
			productReference = 6FD2465225C9F99A00E87D35 /* AlgorhythmUITests.xctest */;
			productType = "com.apple.product-type.bundle.ui-testing";
		};
/* End PBXNativeTarget section */

/* Begin PBXProject section */
		6FD2462E25C9F99800E87D35 /* Project object */ = {
			isa = PBXProject;
			attributes = {
				LastSwiftUpdateCheck = 1230;
				LastUpgradeCheck = 1230;
				TargetAttributes = {
					6FD2463525C9F99800E87D35 = {
						CreatedOnToolsVersion = 12.3;
					};
					6FD2464625C9F99A00E87D35 = {
						CreatedOnToolsVersion = 12.3;
						TestTargetID = 6FD2463525C9F99800E87D35;
					};
					6FD2465125C9F99A00E87D35 = {
						CreatedOnToolsVersion = 12.3;
						TestTargetID = 6FD2463525C9F99800E87D35;
					};
				};
			};
			buildConfigurationList = 6FD2463125C9F99800E87D35 /* Build configuration list for PBXProject "Algorhythm" */;
			compatibilityVersion = "Xcode 9.3";
			developmentRegion = en;
			hasScannedForEncodings = 0;
			knownRegions = (
				en,
				Base,
			);
			mainGroup = 6FD2462D25C9F99800E87D35;
			packageReferences = (
				6F0C2BAE260BA7D000FB8258 /* XCRemoteSwiftPackageReference "swift-sdk" */,
			);
			productRefGroup = 6FD2463725C9F99900E87D35 /* Products */;
			projectDirPath = "";
			projectRoot = "";
			targets = (
				6FD2463525C9F99800E87D35 /* Algorhythm */,
				6FD2464625C9F99A00E87D35 /* AlgorhythmTests */,
				6FD2465125C9F99A00E87D35 /* AlgorhythmUITests */,
			);
		};
/* End PBXProject section */

/* Begin PBXResourcesBuildPhase section */
		6FD2463425C9F99800E87D35 /* Resources */ = {
			isa = PBXResourcesBuildPhase;
			buildActionMask = 2147483647;
			files = (
				6FD2464125C9F99A00E87D35 /* Preview Assets.xcassets in Resources */,
				6FD2463E25C9F99A00E87D35 /* Assets.xcassets in Resources */,
			);
			runOnlyForDeploymentPostprocessing = 0;
		};
		6FD2464525C9F99A00E87D35 /* Resources */ = {
			isa = PBXResourcesBuildPhase;
			buildActionMask = 2147483647;
			files = (
			);
			runOnlyForDeploymentPostprocessing = 0;
		};
		6FD2465025C9F99A00E87D35 /* Resources */ = {
			isa = PBXResourcesBuildPhase;
			buildActionMask = 2147483647;
			files = (
			);
			runOnlyForDeploymentPostprocessing = 0;
		};
/* End PBXResourcesBuildPhase section */

/* Begin PBXShellScriptBuildPhase section */
		3A81D7B6E8EA0788F24CBE3B /* [CP] Embed Pods Frameworks */ = {
			isa = PBXShellScriptBuildPhase;
			buildActionMask = 2147483647;
			files = (
			);
			inputFileListPaths = (
				"${PODS_ROOT}/Target Support Files/Pods-Algorhythm-AlgorhythmUITests/Pods-Algorhythm-AlgorhythmUITests-frameworks-${CONFIGURATION}-input-files.xcfilelist",
			);
			name = "[CP] Embed Pods Frameworks";
			outputFileListPaths = (
				"${PODS_ROOT}/Target Support Files/Pods-Algorhythm-AlgorhythmUITests/Pods-Algorhythm-AlgorhythmUITests-frameworks-${CONFIGURATION}-output-files.xcfilelist",
			);
			runOnlyForDeploymentPostprocessing = 0;
			shellPath = /bin/sh;
			shellScript = "\"${PODS_ROOT}/Target Support Files/Pods-Algorhythm-AlgorhythmUITests/Pods-Algorhythm-AlgorhythmUITests-frameworks.sh\"\n";
			showEnvVarsInLog = 0;
		};
		655B8C60DB4EB622F06A0D8B /* [CP] Check Pods Manifest.lock */ = {
			isa = PBXShellScriptBuildPhase;
			buildActionMask = 2147483647;
			files = (
			);
			inputFileListPaths = (
			);
			inputPaths = (
				"${PODS_PODFILE_DIR_PATH}/Podfile.lock",
				"${PODS_ROOT}/Manifest.lock",
			);
			name = "[CP] Check Pods Manifest.lock";
			outputFileListPaths = (
			);
			outputPaths = (
				"$(DERIVED_FILE_DIR)/Pods-Algorhythm-checkManifestLockResult.txt",
			);
			runOnlyForDeploymentPostprocessing = 0;
			shellPath = /bin/sh;
			shellScript = "diff \"${PODS_PODFILE_DIR_PATH}/Podfile.lock\" \"${PODS_ROOT}/Manifest.lock\" > /dev/null\nif [ $? != 0 ] ; then\n    # print error to STDERR\n    echo \"error: The sandbox is not in sync with the Podfile.lock. Run 'pod install' or update your CocoaPods installation.\" >&2\n    exit 1\nfi\n# This output is used by Xcode 'outputs' to avoid re-running this script phase.\necho \"SUCCESS\" > \"${SCRIPT_OUTPUT_FILE_0}\"\n";
			showEnvVarsInLog = 0;
		};
		A07407EE949626F7EFDE84CF /* [CP] Embed Pods Frameworks */ = {
			isa = PBXShellScriptBuildPhase;
			buildActionMask = 2147483647;
			files = (
			);
			inputFileListPaths = (
				"${PODS_ROOT}/Target Support Files/Pods-Algorhythm/Pods-Algorhythm-frameworks-${CONFIGURATION}-input-files.xcfilelist",
			);
			name = "[CP] Embed Pods Frameworks";
			outputFileListPaths = (
				"${PODS_ROOT}/Target Support Files/Pods-Algorhythm/Pods-Algorhythm-frameworks-${CONFIGURATION}-output-files.xcfilelist",
			);
			runOnlyForDeploymentPostprocessing = 0;
			shellPath = /bin/sh;
			shellScript = "\"${PODS_ROOT}/Target Support Files/Pods-Algorhythm/Pods-Algorhythm-frameworks.sh\"\n";
			showEnvVarsInLog = 0;
		};
		A2057AFBA9CBFD521E2D75A3 /* [CP] Check Pods Manifest.lock */ = {
			isa = PBXShellScriptBuildPhase;
			buildActionMask = 2147483647;
			files = (
			);
			inputFileListPaths = (
			);
			inputPaths = (
				"${PODS_PODFILE_DIR_PATH}/Podfile.lock",
				"${PODS_ROOT}/Manifest.lock",
			);
			name = "[CP] Check Pods Manifest.lock";
			outputFileListPaths = (
			);
			outputPaths = (
				"$(DERIVED_FILE_DIR)/Pods-Algorhythm-AlgorhythmUITests-checkManifestLockResult.txt",
			);
			runOnlyForDeploymentPostprocessing = 0;
			shellPath = /bin/sh;
			shellScript = "diff \"${PODS_PODFILE_DIR_PATH}/Podfile.lock\" \"${PODS_ROOT}/Manifest.lock\" > /dev/null\nif [ $? != 0 ] ; then\n    # print error to STDERR\n    echo \"error: The sandbox is not in sync with the Podfile.lock. Run 'pod install' or update your CocoaPods installation.\" >&2\n    exit 1\nfi\n# This output is used by Xcode 'outputs' to avoid re-running this script phase.\necho \"SUCCESS\" > \"${SCRIPT_OUTPUT_FILE_0}\"\n";
			showEnvVarsInLog = 0;
		};
		C87653436D64CD006EBB7078 /* [CP] Check Pods Manifest.lock */ = {
			isa = PBXShellScriptBuildPhase;
			buildActionMask = 2147483647;
			files = (
			);
			inputFileListPaths = (
			);
			inputPaths = (
				"${PODS_PODFILE_DIR_PATH}/Podfile.lock",
				"${PODS_ROOT}/Manifest.lock",
			);
			name = "[CP] Check Pods Manifest.lock";
			outputFileListPaths = (
			);
			outputPaths = (
				"$(DERIVED_FILE_DIR)/Pods-AlgorhythmTests-checkManifestLockResult.txt",
			);
			runOnlyForDeploymentPostprocessing = 0;
			shellPath = /bin/sh;
			shellScript = "diff \"${PODS_PODFILE_DIR_PATH}/Podfile.lock\" \"${PODS_ROOT}/Manifest.lock\" > /dev/null\nif [ $? != 0 ] ; then\n    # print error to STDERR\n    echo \"error: The sandbox is not in sync with the Podfile.lock. Run 'pod install' or update your CocoaPods installation.\" >&2\n    exit 1\nfi\n# This output is used by Xcode 'outputs' to avoid re-running this script phase.\necho \"SUCCESS\" > \"${SCRIPT_OUTPUT_FILE_0}\"\n";
			showEnvVarsInLog = 0;
		};
/* End PBXShellScriptBuildPhase section */

/* Begin PBXSourcesBuildPhase section */
		6FD2463225C9F99800E87D35 /* Sources */ = {
			isa = PBXSourcesBuildPhase;
			buildActionMask = 2147483647;
			files = (
				6F5273A025D33F82002A06FD /* NewSongView.swift in Sources */,
				6F52739625D336A6002A06FD /* SongSelectionView.swift in Sources */,
				6F5273BA25E84DF7002A06FD /* NewImagePicker.swift in Sources */,
				6F5273B225D63772002A06FD /* FileManager.swift in Sources */,
				6F0C2B91260A87EC00FB8258 /* ChatView.swift in Sources */,
				6F5273A525D34319002A06FD /* SongView.swift in Sources */,
				6FE9296E26014A47004DFB85 /* AudioRecorder.swift in Sources */,
				6F0BD23325F186DB0041D3A6 /* PageView.swift in Sources */,
				6F5273AA25D5D4A6002A06FD /* ImagePicker.swift in Sources */,
				6F0BD22E25F185D70041D3A6 /* PageViewController.swift in Sources */,
				6F52739B25D338CA002A06FD /* SongRow.swift in Sources */,
				6FD2463A25C9F99900E87D35 /* AlgorhythmApp.swift in Sources */,
			);
			runOnlyForDeploymentPostprocessing = 0;
		};
		6FD2464325C9F99A00E87D35 /* Sources */ = {
			isa = PBXSourcesBuildPhase;
			buildActionMask = 2147483647;
			files = (
				6FD2464C25C9F99A00E87D35 /* AlgorhythmTests.swift in Sources */,
			);
			runOnlyForDeploymentPostprocessing = 0;
		};
		6FD2464E25C9F99A00E87D35 /* Sources */ = {
			isa = PBXSourcesBuildPhase;
			buildActionMask = 2147483647;
			files = (
				6FD2465725C9F99A00E87D35 /* AlgorhythmUITests.swift in Sources */,
			);
			runOnlyForDeploymentPostprocessing = 0;
		};
/* End PBXSourcesBuildPhase section */

/* Begin PBXTargetDependency section */
		6FD2464925C9F99A00E87D35 /* PBXTargetDependency */ = {
			isa = PBXTargetDependency;
			target = 6FD2463525C9F99800E87D35 /* Algorhythm */;
			targetProxy = 6FD2464825C9F99A00E87D35 /* PBXContainerItemProxy */;
		};
		6FD2465425C9F99A00E87D35 /* PBXTargetDependency */ = {
			isa = PBXTargetDependency;
			target = 6FD2463525C9F99800E87D35 /* Algorhythm */;
			targetProxy = 6FD2465325C9F99A00E87D35 /* PBXContainerItemProxy */;
		};
/* End PBXTargetDependency section */

/* Begin XCBuildConfiguration section */
		6FD2465925C9F99A00E87D35 /* Debug */ = {
			isa = XCBuildConfiguration;
			buildSettings = {
				ALWAYS_SEARCH_USER_PATHS = NO;
				CLANG_ANALYZER_NONNULL = YES;
				CLANG_ANALYZER_NUMBER_OBJECT_CONVERSION = YES_AGGRESSIVE;
				CLANG_CXX_LANGUAGE_STANDARD = "gnu++14";
				CLANG_CXX_LIBRARY = "libc++";
				CLANG_ENABLE_MODULES = YES;
				CLANG_ENABLE_OBJC_ARC = YES;
				CLANG_ENABLE_OBJC_WEAK = YES;
				CLANG_WARN_BLOCK_CAPTURE_AUTORELEASING = YES;
				CLANG_WARN_BOOL_CONVERSION = YES;
				CLANG_WARN_COMMA = YES;
				CLANG_WARN_CONSTANT_CONVERSION = YES;
				CLANG_WARN_DEPRECATED_OBJC_IMPLEMENTATIONS = YES;
				CLANG_WARN_DIRECT_OBJC_ISA_USAGE = YES_ERROR;
				CLANG_WARN_DOCUMENTATION_COMMENTS = YES;
				CLANG_WARN_EMPTY_BODY = YES;
				CLANG_WARN_ENUM_CONVERSION = YES;
				CLANG_WARN_INFINITE_RECURSION = YES;
				CLANG_WARN_INT_CONVERSION = YES;
				CLANG_WARN_NON_LITERAL_NULL_CONVERSION = YES;
				CLANG_WARN_OBJC_IMPLICIT_RETAIN_SELF = YES;
				CLANG_WARN_OBJC_LITERAL_CONVERSION = YES;
				CLANG_WARN_OBJC_ROOT_CLASS = YES_ERROR;
				CLANG_WARN_QUOTED_INCLUDE_IN_FRAMEWORK_HEADER = YES;
				CLANG_WARN_RANGE_LOOP_ANALYSIS = YES;
				CLANG_WARN_STRICT_PROTOTYPES = YES;
				CLANG_WARN_SUSPICIOUS_MOVE = YES;
				CLANG_WARN_UNGUARDED_AVAILABILITY = YES_AGGRESSIVE;
				CLANG_WARN_UNREACHABLE_CODE = YES;
				CLANG_WARN__DUPLICATE_METHOD_MATCH = YES;
				COPY_PHASE_STRIP = NO;
				DEBUG_INFORMATION_FORMAT = dwarf;
				ENABLE_STRICT_OBJC_MSGSEND = YES;
				ENABLE_TESTABILITY = YES;
				GCC_C_LANGUAGE_STANDARD = gnu11;
				GCC_DYNAMIC_NO_PIC = NO;
				GCC_NO_COMMON_BLOCKS = YES;
				GCC_OPTIMIZATION_LEVEL = 0;
				GCC_PREPROCESSOR_DEFINITIONS = (
					"DEBUG=1",
					"$(inherited)",
				);
				GCC_WARN_64_TO_32_BIT_CONVERSION = YES;
				GCC_WARN_ABOUT_RETURN_TYPE = YES_ERROR;
				GCC_WARN_UNDECLARED_SELECTOR = YES;
				GCC_WARN_UNINITIALIZED_AUTOS = YES_AGGRESSIVE;
				GCC_WARN_UNUSED_FUNCTION = YES;
				GCC_WARN_UNUSED_VARIABLE = YES;
				IPHONEOS_DEPLOYMENT_TARGET = 14.3;
				MTL_ENABLE_DEBUG_INFO = INCLUDE_SOURCE;
				MTL_FAST_MATH = YES;
				ONLY_ACTIVE_ARCH = YES;
				SDKROOT = iphoneos;
				SWIFT_ACTIVE_COMPILATION_CONDITIONS = DEBUG;
				SWIFT_OPTIMIZATION_LEVEL = "-Onone";
			};
			name = Debug;
		};
		6FD2465A25C9F99A00E87D35 /* Release */ = {
			isa = XCBuildConfiguration;
			buildSettings = {
				ALWAYS_SEARCH_USER_PATHS = NO;
				CLANG_ANALYZER_NONNULL = YES;
				CLANG_ANALYZER_NUMBER_OBJECT_CONVERSION = YES_AGGRESSIVE;
				CLANG_CXX_LANGUAGE_STANDARD = "gnu++14";
				CLANG_CXX_LIBRARY = "libc++";
				CLANG_ENABLE_MODULES = YES;
				CLANG_ENABLE_OBJC_ARC = YES;
				CLANG_ENABLE_OBJC_WEAK = YES;
				CLANG_WARN_BLOCK_CAPTURE_AUTORELEASING = YES;
				CLANG_WARN_BOOL_CONVERSION = YES;
				CLANG_WARN_COMMA = YES;
				CLANG_WARN_CONSTANT_CONVERSION = YES;
				CLANG_WARN_DEPRECATED_OBJC_IMPLEMENTATIONS = YES;
				CLANG_WARN_DIRECT_OBJC_ISA_USAGE = YES_ERROR;
				CLANG_WARN_DOCUMENTATION_COMMENTS = YES;
				CLANG_WARN_EMPTY_BODY = YES;
				CLANG_WARN_ENUM_CONVERSION = YES;
				CLANG_WARN_INFINITE_RECURSION = YES;
				CLANG_WARN_INT_CONVERSION = YES;
				CLANG_WARN_NON_LITERAL_NULL_CONVERSION = YES;
				CLANG_WARN_OBJC_IMPLICIT_RETAIN_SELF = YES;
				CLANG_WARN_OBJC_LITERAL_CONVERSION = YES;
				CLANG_WARN_OBJC_ROOT_CLASS = YES_ERROR;
				CLANG_WARN_QUOTED_INCLUDE_IN_FRAMEWORK_HEADER = YES;
				CLANG_WARN_RANGE_LOOP_ANALYSIS = YES;
				CLANG_WARN_STRICT_PROTOTYPES = YES;
				CLANG_WARN_SUSPICIOUS_MOVE = YES;
				CLANG_WARN_UNGUARDED_AVAILABILITY = YES_AGGRESSIVE;
				CLANG_WARN_UNREACHABLE_CODE = YES;
				CLANG_WARN__DUPLICATE_METHOD_MATCH = YES;
				COPY_PHASE_STRIP = NO;
				DEBUG_INFORMATION_FORMAT = "dwarf-with-dsym";
				ENABLE_NS_ASSERTIONS = NO;
				ENABLE_STRICT_OBJC_MSGSEND = YES;
				GCC_C_LANGUAGE_STANDARD = gnu11;
				GCC_NO_COMMON_BLOCKS = YES;
				GCC_WARN_64_TO_32_BIT_CONVERSION = YES;
				GCC_WARN_ABOUT_RETURN_TYPE = YES_ERROR;
				GCC_WARN_UNDECLARED_SELECTOR = YES;
				GCC_WARN_UNINITIALIZED_AUTOS = YES_AGGRESSIVE;
				GCC_WARN_UNUSED_FUNCTION = YES;
				GCC_WARN_UNUSED_VARIABLE = YES;
				IPHONEOS_DEPLOYMENT_TARGET = 14.3;
				MTL_ENABLE_DEBUG_INFO = NO;
				MTL_FAST_MATH = YES;
				SDKROOT = iphoneos;
				SWIFT_COMPILATION_MODE = wholemodule;
				SWIFT_OPTIMIZATION_LEVEL = "-O";
				VALIDATE_PRODUCT = YES;
			};
			name = Release;
		};
		6FD2465C25C9F99A00E87D35 /* Debug */ = {
			isa = XCBuildConfiguration;
			baseConfigurationReference = ADDA9FF8540BCBF5F7967AAF /* Pods-Algorhythm.debug.xcconfig */;
			buildSettings = {
				ASSETCATALOG_COMPILER_APPICON_NAME = AppIcon;
				ASSETCATALOG_COMPILER_GLOBAL_ACCENT_COLOR_NAME = AccentColor;
				CODE_SIGN_STYLE = Automatic;
				DEVELOPMENT_ASSET_PATHS = "\"Algorhythm/Preview Content\"";
				DEVELOPMENT_TEAM = 29JDU54C56;
				ENABLE_PREVIEWS = YES;
				INFOPLIST_FILE = Algorhythm/Info.plist;
				IPHONEOS_DEPLOYMENT_TARGET = 14.0;
				LD_RUNPATH_SEARCH_PATHS = (
					"$(inherited)",
					"@executable_path/Frameworks",
				);
				PRODUCT_BUNDLE_IDENTIFIER = Algorhythm.Algorhythm1;
				PRODUCT_NAME = "$(TARGET_NAME)";
				SWIFT_VERSION = 5.0;
				TARGETED_DEVICE_FAMILY = "1,2";
			};
			name = Debug;
		};
		6FD2465D25C9F99A00E87D35 /* Release */ = {
			isa = XCBuildConfiguration;
			baseConfigurationReference = 06A3A1689399343C18E43AAC /* Pods-Algorhythm.release.xcconfig */;
			buildSettings = {
				ASSETCATALOG_COMPILER_APPICON_NAME = AppIcon;
				ASSETCATALOG_COMPILER_GLOBAL_ACCENT_COLOR_NAME = AccentColor;
				CODE_SIGN_STYLE = Automatic;
				DEVELOPMENT_ASSET_PATHS = "\"Algorhythm/Preview Content\"";
				DEVELOPMENT_TEAM = 29JDU54C56;
				ENABLE_PREVIEWS = YES;
				INFOPLIST_FILE = Algorhythm/Info.plist;
				IPHONEOS_DEPLOYMENT_TARGET = 14.0;
				LD_RUNPATH_SEARCH_PATHS = (
					"$(inherited)",
					"@executable_path/Frameworks",
				);
				PRODUCT_BUNDLE_IDENTIFIER = Algorhythm.Algorhythm1;
				PRODUCT_NAME = "$(TARGET_NAME)";
				SWIFT_VERSION = 5.0;
				TARGETED_DEVICE_FAMILY = "1,2";
			};
			name = Release;
		};
		6FD2465F25C9F99A00E87D35 /* Debug */ = {
			isa = XCBuildConfiguration;
			baseConfigurationReference = D7918F8566E6DE7ECD1D0E65 /* Pods-AlgorhythmTests.debug.xcconfig */;
			buildSettings = {
				ALWAYS_EMBED_SWIFT_STANDARD_LIBRARIES = YES;
				BUNDLE_LOADER = "$(TEST_HOST)";
				CODE_SIGN_STYLE = Automatic;
				INFOPLIST_FILE = AlgorhythmTests/Info.plist;
				IPHONEOS_DEPLOYMENT_TARGET = 14.0;
				LD_RUNPATH_SEARCH_PATHS = (
					"$(inherited)",
					"@executable_path/Frameworks",
					"@loader_path/Frameworks",
				);
				PRODUCT_BUNDLE_IDENTIFIER = Algorhythm.AlgorhythmTests;
				PRODUCT_NAME = "$(TARGET_NAME)";
				SWIFT_VERSION = 5.0;
				TARGETED_DEVICE_FAMILY = "1,2";
				TEST_HOST = "$(BUILT_PRODUCTS_DIR)/Algorhythm.app/Algorhythm";
			};
			name = Debug;
		};
		6FD2466025C9F99A00E87D35 /* Release */ = {
			isa = XCBuildConfiguration;
			baseConfigurationReference = 4FC0CCC8E6BF1C39D2CAA5F9 /* Pods-AlgorhythmTests.release.xcconfig */;
			buildSettings = {
				ALWAYS_EMBED_SWIFT_STANDARD_LIBRARIES = YES;
				BUNDLE_LOADER = "$(TEST_HOST)";
				CODE_SIGN_STYLE = Automatic;
				INFOPLIST_FILE = AlgorhythmTests/Info.plist;
				IPHONEOS_DEPLOYMENT_TARGET = 14.0;
				LD_RUNPATH_SEARCH_PATHS = (
					"$(inherited)",
					"@executable_path/Frameworks",
					"@loader_path/Frameworks",
				);
				PRODUCT_BUNDLE_IDENTIFIER = Algorhythm.AlgorhythmTests;
				PRODUCT_NAME = "$(TARGET_NAME)";
				SWIFT_VERSION = 5.0;
				TARGETED_DEVICE_FAMILY = "1,2";
				TEST_HOST = "$(BUILT_PRODUCTS_DIR)/Algorhythm.app/Algorhythm";
			};
			name = Release;
		};
		6FD2466225C9F99A00E87D35 /* Debug */ = {
			isa = XCBuildConfiguration;
			baseConfigurationReference = F778421193403D5BF534028D /* Pods-Algorhythm-AlgorhythmUITests.debug.xcconfig */;
			buildSettings = {
				ALWAYS_EMBED_SWIFT_STANDARD_LIBRARIES = YES;
				CODE_SIGN_STYLE = Automatic;
				INFOPLIST_FILE = AlgorhythmUITests/Info.plist;
				LD_RUNPATH_SEARCH_PATHS = (
					"$(inherited)",
					"@executable_path/Frameworks",
					"@loader_path/Frameworks",
				);
				PRODUCT_BUNDLE_IDENTIFIER = Algorhythm.AlgorhythmUITests;
				PRODUCT_NAME = "$(TARGET_NAME)";
				SWIFT_VERSION = 5.0;
				TARGETED_DEVICE_FAMILY = "1,2";
				TEST_TARGET_NAME = Algorhythm;
			};
			name = Debug;
		};
		6FD2466325C9F99A00E87D35 /* Release */ = {
			isa = XCBuildConfiguration;
			baseConfigurationReference = C46F5C3DCCA1DDD040CE5514 /* Pods-Algorhythm-AlgorhythmUITests.release.xcconfig */;
			buildSettings = {
				ALWAYS_EMBED_SWIFT_STANDARD_LIBRARIES = YES;
				CODE_SIGN_STYLE = Automatic;
				INFOPLIST_FILE = AlgorhythmUITests/Info.plist;
				LD_RUNPATH_SEARCH_PATHS = (
					"$(inherited)",
					"@executable_path/Frameworks",
					"@loader_path/Frameworks",
				);
				PRODUCT_BUNDLE_IDENTIFIER = Algorhythm.AlgorhythmUITests;
				PRODUCT_NAME = "$(TARGET_NAME)";
				SWIFT_VERSION = 5.0;
				TARGETED_DEVICE_FAMILY = "1,2";
				TEST_TARGET_NAME = Algorhythm;
			};
			name = Release;
		};
/* End XCBuildConfiguration section */

/* Begin XCConfigurationList section */
		6FD2463125C9F99800E87D35 /* Build configuration list for PBXProject "Algorhythm" */ = {
			isa = XCConfigurationList;
			buildConfigurations = (
				6FD2465925C9F99A00E87D35 /* Debug */,
				6FD2465A25C9F99A00E87D35 /* Release */,
			);
			defaultConfigurationIsVisible = 0;
			defaultConfigurationName = Release;
		};
		6FD2465B25C9F99A00E87D35 /* Build configuration list for PBXNativeTarget "Algorhythm" */ = {
			isa = XCConfigurationList;
			buildConfigurations = (
				6FD2465C25C9F99A00E87D35 /* Debug */,
				6FD2465D25C9F99A00E87D35 /* Release */,
			);
			defaultConfigurationIsVisible = 0;
			defaultConfigurationName = Release;
		};
		6FD2465E25C9F99A00E87D35 /* Build configuration list for PBXNativeTarget "AlgorhythmTests" */ = {
			isa = XCConfigurationList;
			buildConfigurations = (
				6FD2465F25C9F99A00E87D35 /* Debug */,
				6FD2466025C9F99A00E87D35 /* Release */,
			);
			defaultConfigurationIsVisible = 0;
			defaultConfigurationName = Release;
		};
		6FD2466125C9F99A00E87D35 /* Build configuration list for PBXNativeTarget "AlgorhythmUITests" */ = {
			isa = XCConfigurationList;
			buildConfigurations = (
				6FD2466225C9F99A00E87D35 /* Debug */,
				6FD2466325C9F99A00E87D35 /* Release */,
			);
			defaultConfigurationIsVisible = 0;
			defaultConfigurationName = Release;
		};
/* End XCConfigurationList section */

/* Begin XCRemoteSwiftPackageReference section */
		6F0C2BAE260BA7D000FB8258 /* XCRemoteSwiftPackageReference "swift-sdk" */ = {
			isa = XCRemoteSwiftPackageReference;
			repositoryURL = "https://github.com/watson-developer-cloud/swift-sdk";
			requirement = {
				kind = upToNextMajorVersion;
				minimumVersion = 4.1.0;
			};
		};
/* End XCRemoteSwiftPackageReference section */

/* Begin XCSwiftPackageProductDependency section */
		6F0C2BAF260BA7D000FB8258 /* AssistantV1 */ = {
			isa = XCSwiftPackageProductDependency;
			package = 6F0C2BAE260BA7D000FB8258 /* XCRemoteSwiftPackageReference "swift-sdk" */;
			productName = AssistantV1;
		};
		6F0C2BB1260BA7D000FB8258 /* AssistantV2 */ = {
			isa = XCSwiftPackageProductDependency;
			package = 6F0C2BAE260BA7D000FB8258 /* XCRemoteSwiftPackageReference "swift-sdk" */;
			productName = AssistantV2;
		};
/* End XCSwiftPackageProductDependency section */
	};
	rootObject = 6FD2462E25C9F99800E87D35 /* Project object */;
}
